// !$*UTF8*$!
{
	archiveVersion = 1;
	classes = {
	};
	objectVersion = 50;
	objects = {

/* Begin PBXBuildFile section */
		BE6A4FA324D70323005A5980 /* AppDelegate.swift in Sources */ = {isa = PBXBuildFile; fileRef = BE6A4FA224D70323005A5980 /* AppDelegate.swift */; };
		BE6A4FA524D70323005A5980 /* SceneDelegate.swift in Sources */ = {isa = PBXBuildFile; fileRef = BE6A4FA424D70323005A5980 /* SceneDelegate.swift */; };
		BE6A4FA724D70323005A5980 /* ViewController.swift in Sources */ = {isa = PBXBuildFile; fileRef = BE6A4FA624D70323005A5980 /* ViewController.swift */; };
		BE6A4FAA24D70323005A5980 /* Main.storyboard in Resources */ = {isa = PBXBuildFile; fileRef = BE6A4FA824D70323005A5980 /* Main.storyboard */; };
		BE6A4FAC24D7032A005A5980 /* Assets.xcassets in Resources */ = {isa = PBXBuildFile; fileRef = BE6A4FAB24D7032A005A5980 /* Assets.xcassets */; };
		BE6A4FAF24D7032A005A5980 /* LaunchScreen.storyboard in Resources */ = {isa = PBXBuildFile; fileRef = BE6A4FAD24D7032A005A5980 /* LaunchScreen.storyboard */; };
		BE6A4FB724D70BBF005A5980 /* CountryViewController.swift in Sources */ = {isa = PBXBuildFile; fileRef = BE6A4FB624D70BBF005A5980 /* CountryViewController.swift */; };
/* End PBXBuildFile section */

/* Begin PBXFileReference section */
		BE6A4F9F24D70323005A5980 /* CovidTracker.app */ = {isa = PBXFileReference; explicitFileType = wrapper.application; includeInIndex = 0; path = CovidTracker.app; sourceTree = BUILT_PRODUCTS_DIR; };
		BE6A4FA224D70323005A5980 /* AppDelegate.swift */ = {isa = PBXFileReference; lastKnownFileType = sourcecode.swift; path = AppDelegate.swift; sourceTree = "<group>"; };
		BE6A4FA424D70323005A5980 /* SceneDelegate.swift */ = {isa = PBXFileReference; lastKnownFileType = sourcecode.swift; path = SceneDelegate.swift; sourceTree = "<group>"; };
		BE6A4FA624D70323005A5980 /* ViewController.swift */ = {isa = PBXFileReference; lastKnownFileType = sourcecode.swift; path = ViewController.swift; sourceTree = "<group>"; };
		BE6A4FA924D70323005A5980 /* Base */ = {isa = PBXFileReference; lastKnownFileType = file.storyboard; name = Base; path = Base.lproj/Main.storyboard; sourceTree = "<group>"; };
		BE6A4FAB24D7032A005A5980 /* Assets.xcassets */ = {isa = PBXFileReference; lastKnownFileType = folder.assetcatalog; path = Assets.xcassets; sourceTree = "<group>"; };
		BE6A4FAE24D7032A005A5980 /* Base */ = {isa = PBXFileReference; lastKnownFileType = file.storyboard; name = Base; path = Base.lproj/LaunchScreen.storyboard; sourceTree = "<group>"; };
		BE6A4FB024D7032A005A5980 /* Info.plist */ = {isa = PBXFileReference; lastKnownFileType = text.plist.xml; path = Info.plist; sourceTree = "<group>"; };
		BE6A4FB624D70BBF005A5980 /* CountryViewController.swift */ = {isa = PBXFileReference; lastKnownFileType = sourcecode.swift; path = CountryViewController.swift; sourceTree = "<group>"; };
/* End PBXFileReference section */

/* Begin PBXFrameworksBuildPhase section */
		BE6A4F9C24D70322005A5980 /* Frameworks */ = {
			isa = PBXFrameworksBuildPhase;
			buildActionMask = 2147483647;
			files = (
			);
			runOnlyForDeploymentPostprocessing = 0;
		};
/* End PBXFrameworksBuildPhase section */

/* Begin PBXGroup section */
		BE6A4F9624D70322005A5980 = {
			isa = PBXGroup;
			children = (
				BE6A4FA124D70323005A5980 /* CovidTracker */,
				BE6A4FA024D70323005A5980 /* Products */,
			);
			sourceTree = "<group>";
		};
		BE6A4FA024D70323005A5980 /* Products */ = {
			isa = PBXGroup;
			children = (
				BE6A4F9F24D70323005A5980 /* CovidTracker.app */,
			);
			name = Products;
			sourceTree = "<group>";
		};
		BE6A4FA124D70323005A5980 /* CovidTracker */ = {
			isa = PBXGroup;
			children = (
				BE6A4FA224D70323005A5980 /* AppDelegate.swift */,
				BE6A4FA424D70323005A5980 /* SceneDelegate.swift */,
				BE6A4FBB24D70D13005A5980 /* Model */,
				BE6A4FBA24D70D05005A5980 /* View */,
				BE6A4FB824D70BD3005A5980 /* Controller */,
				BE6A4FB024D7032A005A5980 /* Info.plist */,
			);
			path = CovidTracker;
			sourceTree = "<group>";
		};
		BE6A4FB824D70BD3005A5980 /* Controller */ = {
			isa = PBXGroup;
			children = (
				BE6A4FA624D70323005A5980 /* ViewController.swift */,
				BE6A4FB624D70BBF005A5980 /* CountryViewController.swift */,
			);
			path = Controller;
			sourceTree = "<group>";
		};
		BE6A4FBA24D70D05005A5980 /* View */ = {
			isa = PBXGroup;
			children = (
				BE6A4FA824D70323005A5980 /* Main.storyboard */,
				BE6A4FAB24D7032A005A5980 /* Assets.xcassets */,
				BE6A4FAD24D7032A005A5980 /* LaunchScreen.storyboard */,
			);
			path = View;
			sourceTree = "<group>";
		};
		BE6A4FBB24D70D13005A5980 /* Model */ = {
			isa = PBXGroup;
			children = (
			);
			path = Model;
			sourceTree = "<group>";
		};
/* End PBXGroup section */

/* Begin PBXNativeTarget section */
		BE6A4F9E24D70322005A5980 /* CovidTracker */ = {
			isa = PBXNativeTarget;
			buildConfigurationList = BE6A4FB324D7032A005A5980 /* Build configuration list for PBXNativeTarget "CovidTracker" */;
			buildPhases = (
				BE6A4F9B24D70322005A5980 /* Sources */,
				BE6A4F9C24D70322005A5980 /* Frameworks */,
				BE6A4F9D24D70322005A5980 /* Resources */,
			);
			buildRules = (
			);
			dependencies = (
			);
			name = CovidTracker;
			productName = CovidTracker;
			productReference = BE6A4F9F24D70323005A5980 /* CovidTracker.app */;
			productType = "com.apple.product-type.application";
		};
/* End PBXNativeTarget section */

/* Begin PBXProject section */
		BE6A4F9724D70322005A5980 /* Project object */ = {
			isa = PBXProject;
			attributes = {
				LastSwiftUpdateCheck = 1130;
				LastUpgradeCheck = 1130;
				ORGANIZATIONNAME = "Harun Gunes";
				TargetAttributes = {
					BE6A4F9E24D70322005A5980 = {
						CreatedOnToolsVersion = 11.3.1;
					};
				};
			};
			buildConfigurationList = BE6A4F9A24D70322005A5980 /* Build configuration list for PBXProject "CovidTracker" */;
			compatibilityVersion = "Xcode 9.3";
			developmentRegion = en;
			hasScannedForEncodings = 0;
			knownRegions = (
				en,
				Base,
			);
			mainGroup = BE6A4F9624D70322005A5980;
			productRefGroup = BE6A4FA024D70323005A5980 /* Products */;
			projectDirPath = "";
			projectRoot = "";
			targets = (
				BE6A4F9E24D70322005A5980 /* CovidTracker */,
			);
		};
/* End PBXProject section */

/* Begin PBXResourcesBuildPhase section */
		BE6A4F9D24D70322005A5980 /* Resources */ = {
			isa = PBXResourcesBuildPhase;
			buildActionMask = 2147483647;
			files = (
				BE6A4FAF24D7032A005A5980 /* LaunchScreen.storyboard in Resources */,
				BE6A4FAC24D7032A005A5980 /* Assets.xcassets in Resources */,
				BE6A4FAA24D70323005A5980 /* Main.storyboard in Resources */,
			);
			runOnlyForDeploymentPostprocessing = 0;
		};
/* End PBXResourcesBuildPhase section */

/* Begin PBXSourcesBuildPhase section */
		BE6A4F9B24D70322005A5980 /* Sources */ = {
			isa = PBXSourcesBuildPhase;
			buildActionMask = 2147483647;
			files = (
				BE6A4FA724D70323005A5980 /* ViewController.swift in Sources */,
				BE6A4FB724D70BBF005A5980 /* CountryViewController.swift in Sources */,
				BE6A4FA324D70323005A5980 /* AppDelegate.swift in Sources */,
				BE6A4FA524D70323005A5980 /* SceneDelegate.swift in Sources */,
			);
			runOnlyForDeploymentPostprocessing = 0;
		};
/* End PBXSourcesBuildPhase section */

/* Begin PBXVariantGroup section */
		BE6A4FA824D70323005A5980 /* Main.storyboard */ = {
			isa = PBXVariantGroup;
			children = (
				BE6A4FA924D70323005A5980 /* Base */,
			);
			name = Main.storyboard;
			sourceTree = "<group>";
		};
		BE6A4FAD24D7032A005A5980 /* LaunchScreen.storyboard */ = {
			isa = PBXVariantGroup;
			children = (
				BE6A4FAE24D7032A005A5980 /* Base */,
			);
			name = LaunchScreen.storyboard;
			sourceTree = "<group>";
		};
/* End PBXVariantGroup section */

/* Begin XCBuildConfiguration section */
		BE6A4FB124D7032A005A5980 /* Debug */ = {
			isa = XCBuildConfiguration;
			buildSettings = {
				ALWAYS_SEARCH_USER_PATHS = NO;
				CLANG_ANALYZER_NONNULL = YES;
				CLANG_ANALYZER_NUMBER_OBJECT_CONVERSION = YES_AGGRESSIVE;
				CLANG_CXX_LANGUAGE_STANDARD = "gnu++14";
				CLANG_CXX_LIBRARY = "libc++";
				CLANG_ENABLE_MODULES = YES;
				CLANG_ENABLE_OBJC_ARC = YES;
				CLANG_ENABLE_OBJC_WEAK = YES;
				CLANG_WARN_BLOCK_CAPTURE_AUTORELEASING = YES;
				CLANG_WARN_BOOL_CONVERSION = YES;
				CLANG_WARN_COMMA = YES;
				CLANG_WARN_CONSTANT_CONVERSION = YES;
				CLANG_WARN_DEPRECATED_OBJC_IMPLEMENTATIONS = YES;
				CLANG_WARN_DIRECT_OBJC_ISA_USAGE = YES_ERROR;
				CLANG_WARN_DOCUMENTATION_COMMENTS = YES;
				CLANG_WARN_EMPTY_BODY = YES;
				CLANG_WARN_ENUM_CONVERSION = YES;
				CLANG_WARN_INFINITE_RECURSION = YES;
				CLANG_WARN_INT_CONVERSION = YES;
				CLANG_WARN_NON_LITERAL_NULL_CONVERSION = YES;
				CLANG_WARN_OBJC_IMPLICIT_RETAIN_SELF = YES;
				CLANG_WARN_OBJC_LITERAL_CONVERSION = YES;
				CLANG_WARN_OBJC_ROOT_CLASS = YES_ERROR;
				CLANG_WARN_RANGE_LOOP_ANALYSIS = YES;
				CLANG_WARN_STRICT_PROTOTYPES = YES;
				CLANG_WARN_SUSPICIOUS_MOVE = YES;
				CLANG_WARN_UNGUARDED_AVAILABILITY = YES_AGGRESSIVE;
				CLANG_WARN_UNREACHABLE_CODE = YES;
				CLANG_WARN__DUPLICATE_METHOD_MATCH = YES;
				COPY_PHASE_STRIP = NO;
				DEBUG_INFORMATION_FORMAT = dwarf;
				ENABLE_STRICT_OBJC_MSGSEND = YES;
				ENABLE_TESTABILITY = YES;
				GCC_C_LANGUAGE_STANDARD = gnu11;
				GCC_DYNAMIC_NO_PIC = NO;
				GCC_NO_COMMON_BLOCKS = YES;
				GCC_OPTIMIZATION_LEVEL = 0;
				GCC_PREPROCESSOR_DEFINITIONS = (
					"DEBUG=1",
					"$(inherited)",
				);
				GCC_WARN_64_TO_32_BIT_CONVERSION = YES;
				GCC_WARN_ABOUT_RETURN_TYPE = YES_ERROR;
				GCC_WARN_UNDECLARED_SELECTOR = YES;
				GCC_WARN_UNINITIALIZED_AUTOS = YES_AGGRESSIVE;
				GCC_WARN_UNUSED_FUNCTION = YES;
				GCC_WARN_UNUSED_VARIABLE = YES;
				IPHONEOS_DEPLOYMENT_TARGET = 13.2;
				MTL_ENABLE_DEBUG_INFO = INCLUDE_SOURCE;
				MTL_FAST_MATH = YES;
				ONLY_ACTIVE_ARCH = YES;
				SDKROOT = iphoneos;
				SWIFT_ACTIVE_COMPILATION_CONDITIONS = DEBUG;
				SWIFT_OPTIMIZATION_LEVEL = "-Onone";
			};
			name = Debug;
		};
		BE6A4FB224D7032A005A5980 /* Release */ = {
			isa = XCBuildConfiguration;
			buildSettings = {
				ALWAYS_SEARCH_USER_PATHS = NO;
				CLANG_ANALYZER_NONNULL = YES;
				CLANG_ANALYZER_NUMBER_OBJECT_CONVERSION = YES_AGGRESSIVE;
				CLANG_CXX_LANGUAGE_STANDARD = "gnu++14";
				CLANG_CXX_LIBRARY = "libc++";
				CLANG_ENABLE_MODULES = YES;
				CLANG_ENABLE_OBJC_ARC = YES;
				CLANG_ENABLE_OBJC_WEAK = YES;
				CLANG_WARN_BLOCK_CAPTURE_AUTORELEASING = YES;
				CLANG_WARN_BOOL_CONVERSION = YES;
				CLANG_WARN_COMMA = YES;
				CLANG_WARN_CONSTANT_CONVERSION = YES;
				CLANG_WARN_DEPRECATED_OBJC_IMPLEMENTATIONS = YES;
				CLANG_WARN_DIRECT_OBJC_ISA_USAGE = YES_ERROR;
				CLANG_WARN_DOCUMENTATION_COMMENTS = YES;
				CLANG_WARN_EMPTY_BODY = YES;
				CLANG_WARN_ENUM_CONVERSION = YES;
				CLANG_WARN_INFINITE_RECURSION = YES;
				CLANG_WARN_INT_CONVERSION = YES;
				CLANG_WARN_NON_LITERAL_NULL_CONVERSION = YES;
				CLANG_WARN_OBJC_IMPLICIT_RETAIN_SELF = YES;
				CLANG_WARN_OBJC_LITERAL_CONVERSION = YES;
				CLANG_WARN_OBJC_ROOT_CLASS = YES_ERROR;
				CLANG_WARN_RANGE_LOOP_ANALYSIS = YES;
				CLANG_WARN_STRICT_PROTOTYPES = YES;
				CLANG_WARN_SUSPICIOUS_MOVE = YES;
				CLANG_WARN_UNGUARDED_AVAILABILITY = YES_AGGRESSIVE;
				CLANG_WARN_UNREACHABLE_CODE = YES;
				CLANG_WARN__DUPLICATE_METHOD_MATCH = YES;
				COPY_PHASE_STRIP = NO;
				DEBUG_INFORMATION_FORMAT = "dwarf-with-dsym";
				ENABLE_NS_ASSERTIONS = NO;
				ENABLE_STRICT_OBJC_MSGSEND = YES;
				GCC_C_LANGUAGE_STANDARD = gnu11;
				GCC_NO_COMMON_BLOCKS = YES;
				GCC_WARN_64_TO_32_BIT_CONVERSION = YES;
				GCC_WARN_ABOUT_RETURN_TYPE = YES_ERROR;
				GCC_WARN_UNDECLARED_SELECTOR = YES;
				GCC_WARN_UNINITIALIZED_AUTOS = YES_AGGRESSIVE;
				GCC_WARN_UNUSED_FUNCTION = YES;
				GCC_WARN_UNUSED_VARIABLE = YES;
				IPHONEOS_DEPLOYMENT_TARGET = 13.2;
				MTL_ENABLE_DEBUG_INFO = NO;
				MTL_FAST_MATH = YES;
				SDKROOT = iphoneos;
				SWIFT_COMPILATION_MODE = wholemodule;
				SWIFT_OPTIMIZATION_LEVEL = "-O";
				VALIDATE_PRODUCT = YES;
			};
			name = Release;
		};
		BE6A4FB424D7032A005A5980 /* Debug */ = {
			isa = XCBuildConfiguration;
			buildSettings = {
				ASSETCATALOG_COMPILER_APPICON_NAME = AppIcon;
				CODE_SIGN_STYLE = Automatic;
				INFOPLIST_FILE = CovidTracker/Info.plist;
				LD_RUNPATH_SEARCH_PATHS = (
					"$(inherited)",
					"@executable_path/Frameworks",
				);
				PRODUCT_BUNDLE_IDENTIFIER = com.hgunes.CovidTracker;
				PRODUCT_NAME = "$(TARGET_NAME)";
				SWIFT_VERSION = 5.0;
				TARGETED_DEVICE_FAMILY = "1,2";
			};
			name = Debug;
		};
		BE6A4FB524D7032A005A5980 /* Release */ = {
			isa = XCBuildConfiguration;
			buildSettings = {
				ASSETCATALOG_COMPILER_APPICON_NAME = AppIcon;
				CODE_SIGN_STYLE = Automatic;
				INFOPLIST_FILE = CovidTracker/Info.plist;
				LD_RUNPATH_SEARCH_PATHS = (
					"$(inherited)",
					"@executable_path/Frameworks",
				);
				PRODUCT_BUNDLE_IDENTIFIER = com.hgunes.CovidTracker;
				PRODUCT_NAME = "$(TARGET_NAME)";
				SWIFT_VERSION = 5.0;
				TARGETED_DEVICE_FAMILY = "1,2";
			};
			name = Release;
		};
/* End XCBuildConfiguration section */

/* Begin XCConfigurationList section */
		BE6A4F9A24D70322005A5980 /* Build configuration list for PBXProject "CovidTracker" */ = {
			isa = XCConfigurationList;
			buildConfigurations = (
				BE6A4FB124D7032A005A5980 /* Debug */,
				BE6A4FB224D7032A005A5980 /* Release */,
			);
			defaultConfigurationIsVisible = 0;
			defaultConfigurationName = Release;
		};
		BE6A4FB324D7032A005A5980 /* Build configuration list for PBXNativeTarget "CovidTracker" */ = {
			isa = XCConfigurationList;
			buildConfigurations = (
				BE6A4FB424D7032A005A5980 /* Debug */,
				BE6A4FB524D7032A005A5980 /* Release */,
			);
			defaultConfigurationIsVisible = 0;
			defaultConfigurationName = Release;
		};
/* End XCConfigurationList section */
	};
	rootObject = BE6A4F9724D70322005A5980 /* Project object */;
}
